
Microsoft Visual Studio Solution File, Format Version 12.00
# Visual Studio Version 17
VisualStudioVersion = 17.9.34728.123
MinimumVisualStudioVersion = 10.0.40219.1
Project("{FAE04EC0-301F-11D3-BF4B-00C04F79EFBC}") = "BloodBankManagement", "BloodBankManagement.csproj", "{C692CB7B-26DB-43C6-9277-40FB959AB853}"
EndProject
Project("{FAE04EC0-301F-11D3-BF4B-00C04F79EFBC}") = "Entities", "..\Entities\Entities.csproj", "{F49A1217-8696-40A2-874E-CB8FDA806AA9}"
EndProject
Project("{FAE04EC0-301F-11D3-BF4B-00C04F79EFBC}") = "DataAccessLayer", "..\DataAccessLayer\DataAccessLayer.csproj", "{CEE71635-77BD-4DE5-8A70-8135E7F1B504}"
EndProject
Project("{FAE04EC0-301F-11D3-BF4B-00C04F79EFBC}") = "BusinessLayer", "..\BusinessLayer\BusinessLayer.csproj", "{782EB8D4-38DA-4CB7-AC74-7EC594C6FF36}"
EndProject
Project("{FAE04EC0-301F-11D3-BF4B-00C04F79EFBC}") = "Exception", "..\Exception\Exception.csproj", "{6E83CBF6-ECAF-49C0-A646-7643EB4B5843}"
EndProject
Global
	GlobalSection(SolutionConfigurationPlatforms) = preSolution
		Debug|Any CPU = Debug|Any CPU
		Release|Any CPU = Release|Any CPU
	EndGlobalSection
	GlobalSection(ProjectConfigurationPlatforms) = postSolution
		{C692CB7B-26DB-43C6-9277-40FB959AB853}.Debug|Any CPU.ActiveCfg = Debug|Any CPU
		{C692CB7B-26DB-43C6-9277-40FB959AB853}.Debug|Any CPU.Build.0 = Debug|Any CPU
		{C692CB7B-26DB-43C6-9277-40FB959AB853}.Release|Any CPU.ActiveCfg = Release|Any CPU
		{C692CB7B-26DB-43C6-9277-40FB959AB853}.Release|Any CPU.Build.0 = Release|Any CPU
		{F49A1217-8696-40A2-874E-CB8FDA806AA9}.Debug|Any CPU.ActiveCfg = Debug|Any CPU
		{F49A1217-8696-40A2-874E-CB8FDA806AA9}.Debug|Any CPU.Build.0 = Debug|Any CPU
		{F49A1217-8696-40A2-874E-CB8FDA806AA9}.Release|Any CPU.ActiveCfg = Release|Any CPU
		{F49A1217-8696-40A2-874E-CB8FDA806AA9}.Release|Any CPU.Build.0 = Release|Any CPU
		{CEE71635-77BD-4DE5-8A70-8135E7F1B504}.Debug|Any CPU.ActiveCfg = Debug|Any CPU
		{CEE71635-77BD-4DE5-8A70-8135E7F1B504}.Debug|Any CPU.Build.0 = Debug|Any CPU
		{CEE71635-77BD-4DE5-8A70-8135E7F1B504}.Release|Any CPU.ActiveCfg = Release|Any CPU
		{CEE71635-77BD-4DE5-8A70-8135E7F1B504}.Release|Any CPU.Build.0 = Release|Any CPU
		{782EB8D4-38DA-4CB7-AC74-7EC594C6FF36}.Debug|Any CPU.ActiveCfg = Debug|Any CPU
		{782EB8D4-38DA-4CB7-AC74-7EC594C6FF36}.Debug|Any CPU.Build.0 = Debug|Any CPU
		{782EB8D4-38DA-4CB7-AC74-7EC594C6FF36}.Release|Any CPU.ActiveCfg = Release|Any CPU
		{782EB8D4-38DA-4CB7-AC74-7EC594C6FF36}.Release|Any CPU.Build.0 = Release|Any CPU
		{6E83CBF6-ECAF-49C0-A646-7643EB4B5843}.Debug|Any CPU.ActiveCfg = Debug|Any CPU
		{6E83CBF6-ECAF-49C0-A646-7643EB4B5843}.Debug|Any CPU.Build.0 = Debug|Any CPU
		{6E83CBF6-ECAF-49C0-A646-7643EB4B5843}.Release|Any CPU.ActiveCfg = Release|Any CPU
		{6E83CBF6-ECAF-49C0-A646-7643EB4B5843}.Release|Any CPU.Build.0 = Release|Any CPU
	EndGlobalSection
	GlobalSection(SolutionProperties) = preSolution
		HideSolutionNode = FALSE
	EndGlobalSection
	GlobalSection(ExtensibilityGlobals) = postSolution
		SolutionGuid = {6FF2DB21-0EA2-4947-9DDA-DA07E958EAA8}
	EndGlobalSection
EndGlobal
